PODS:
  - Alamofire (4.6.0)
  - Kingfisher (4.6.1)
  - KVNProgress (2.3.1)
  - Moya (10.0.1):
    - Moya/Core (= 10.0.1)
  - Moya/Core (10.0.1):
    - Alamofire (~> 4.1)
    - Result (~> 3.0)
  - Result (3.2.4)

DEPENDENCIES:
  - Kingfisher
  - KVNProgress
  - Moya

SPEC CHECKSUMS:
  Alamofire: f41a599bd63041760b26d393ec1069d9d7b917f4
  Kingfisher: 1f9157d9c02b380cbd0b7cc890161195164eb634
  KVNProgress: 8167b1f19e2758290c0b6143020ed9dcbb0477a1
  Moya: 9e621707ff754eeb51ff3ec51a3d54e517c0733a
  Result: d2d07204ce72856f1fd9130bbe42c35a7b0fea10

PODFILE CHECKSUM: 557fd0399e5bc2ca2c780b5a311843283ece5362

COCOAPODS: 1.3.1
