// !$*UTF8*$!
{
	archiveVersion = 1;
	classes = {
	};
	objectVersion = 48;
	objects = {

/* Begin PBXBuildFile section */
		B16C9CE81FFB2F5F0004652E /* AppDelegate.swift in Sources */ = {isa = PBXBuildFile; fileRef = B16C9CE71FFB2F5F0004652E /* AppDelegate.swift */; };
		B16C9CEA1FFB2F5F0004652E /* ViewController.swift in Sources */ = {isa = PBXBuildFile; fileRef = B16C9CE91FFB2F5F0004652E /* ViewController.swift */; };
		B16C9CED1FFB2F5F0004652E /* Main.storyboard in Resources */ = {isa = PBXBuildFile; fileRef = B16C9CEB1FFB2F5F0004652E /* Main.storyboard */; };
		B16C9CEF1FFB2F5F0004652E /* Assets.xcassets in Resources */ = {isa = PBXBuildFile; fileRef = B16C9CEE1FFB2F5F0004652E /* Assets.xcassets */; };
		B16C9CF21FFB2F5F0004652E /* LaunchScreen.storyboard in Resources */ = {isa = PBXBuildFile; fileRef = B16C9CF01FFB2F5F0004652E /* LaunchScreen.storyboard */; };
/* End PBXBuildFile section */

/* Begin PBXFileReference section */
		B16C9CE41FFB2F5F0004652E /* VideogamesArchive.app */ = {isa = PBXFileReference; explicitFileType = wrapper.application; includeInIndex = 0; path = VideogamesArchive.app; sourceTree = BUILT_PRODUCTS_DIR; };
		B16C9CE71FFB2F5F0004652E /* AppDelegate.swift */ = {isa = PBXFileReference; lastKnownFileType = sourcecode.swift; path = AppDelegate.swift; sourceTree = "<group>"; };
		B16C9CE91FFB2F5F0004652E /* ViewController.swift */ = {isa = PBXFileReference; lastKnownFileType = sourcecode.swift; path = ViewController.swift; sourceTree = "<group>"; };
		B16C9CEC1FFB2F5F0004652E /* Base */ = {isa = PBXFileReference; lastKnownFileType = file.storyboard; name = Base; path = Base.lproj/Main.storyboard; sourceTree = "<group>"; };
		B16C9CEE1FFB2F5F0004652E /* Assets.xcassets */ = {isa = PBXFileReference; lastKnownFileType = folder.assetcatalog; path = Assets.xcassets; sourceTree = "<group>"; };
		B16C9CF11FFB2F5F0004652E /* Base */ = {isa = PBXFileReference; lastKnownFileType = file.storyboard; name = Base; path = Base.lproj/LaunchScreen.storyboard; sourceTree = "<group>"; };
		B16C9CF31FFB2F5F0004652E /* Info.plist */ = {isa = PBXFileReference; lastKnownFileType = text.plist.xml; path = Info.plist; sourceTree = "<group>"; };
/* End PBXFileReference section */

/* Begin PBXFrameworksBuildPhase section */
		B16C9CE11FFB2F5F0004652E /* Frameworks */ = {
			isa = PBXFrameworksBuildPhase;
			buildActionMask = 2147483647;
			files = (
			);
			runOnlyForDeploymentPostprocessing = 0;
		};
/* End PBXFrameworksBuildPhase section */

/* Begin PBXGroup section */
		B16C9CDB1FFB2F5F0004652E = {
			isa = PBXGroup;
			children = (
				B16C9CE61FFB2F5F0004652E /* VideogamesArchive */,
				B16C9CE51FFB2F5F0004652E /* Products */,
			);
			sourceTree = "<group>";
		};
		B16C9CE51FFB2F5F0004652E /* Products */ = {
			isa = PBXGroup;
			children = (
				B16C9CE41FFB2F5F0004652E /* VideogamesArchive.app */,
			);
			name = Products;
			sourceTree = "<group>";
		};
		B16C9CE61FFB2F5F0004652E /* VideogamesArchive */ = {
			isa = PBXGroup;
			children = (
				B16C9CE71FFB2F5F0004652E /* AppDelegate.swift */,
				B16C9CE91FFB2F5F0004652E /* ViewController.swift */,
				B16C9CEB1FFB2F5F0004652E /* Main.storyboard */,
				B16C9CEE1FFB2F5F0004652E /* Assets.xcassets */,
				B16C9CF01FFB2F5F0004652E /* LaunchScreen.storyboard */,
				B16C9CF31FFB2F5F0004652E /* Info.plist */,
			);
			path = VideogamesArchive;
			sourceTree = "<group>";
		};
/* End PBXGroup section */

/* Begin PBXNativeTarget section */
		B16C9CE31FFB2F5F0004652E /* VideogamesArchive */ = {
			isa = PBXNativeTarget;
			buildConfigurationList = B16C9CF61FFB2F5F0004652E /* Build configuration list for PBXNativeTarget "VideogamesArchive" */;
			buildPhases = (
				B16C9CE01FFB2F5F0004652E /* Sources */,
				B16C9CE11FFB2F5F0004652E /* Frameworks */,
				B16C9CE21FFB2F5F0004652E /* Resources */,
			);
			buildRules = (
			);
			dependencies = (
			);
			name = VideogamesArchive;
			productName = VideogamesArchive;
			productReference = B16C9CE41FFB2F5F0004652E /* VideogamesArchive.app */;
			productType = "com.apple.product-type.application";
		};
/* End PBXNativeTarget section */

/* Begin PBXProject section */
		B16C9CDC1FFB2F5F0004652E /* Project object */ = {
			isa = PBXProject;
			attributes = {
				LastSwiftUpdateCheck = 0920;
				LastUpgradeCheck = 0920;
				ORGANIZATIONNAME = "Rigoberto Sáenz Imbacuán";
				TargetAttributes = {
					B16C9CE31FFB2F5F0004652E = {
						CreatedOnToolsVersion = 9.2;
						ProvisioningStyle = Automatic;
					};
				};
			};
			buildConfigurationList = B16C9CDF1FFB2F5F0004652E /* Build configuration list for PBXProject "VideogamesArchive" */;
			compatibilityVersion = "Xcode 8.0";
			developmentRegion = en;
			hasScannedForEncodings = 0;
			knownRegions = (
				en,
				Base,
			);
			mainGroup = B16C9CDB1FFB2F5F0004652E;
			productRefGroup = B16C9CE51FFB2F5F0004652E /* Products */;
			projectDirPath = "";
			projectRoot = "";
			targets = (
				B16C9CE31FFB2F5F0004652E /* VideogamesArchive */,
			);
		};
/* End PBXProject section */

/* Begin PBXResourcesBuildPhase section */
		B16C9CE21FFB2F5F0004652E /* Resources */ = {
			isa = PBXResourcesBuildPhase;
			buildActionMask = 2147483647;
			files = (
				B16C9CF21FFB2F5F0004652E /* LaunchScreen.storyboard in Resources */,
				B16C9CEF1FFB2F5F0004652E /* Assets.xcassets in Resources */,
				B16C9CED1FFB2F5F0004652E /* Main.storyboard in Resources */,
			);
			runOnlyForDeploymentPostprocessing = 0;
		};
/* End PBXResourcesBuildPhase section */

/* Begin PBXSourcesBuildPhase section */
		B16C9CE01FFB2F5F0004652E /* Sources */ = {
			isa = PBXSourcesBuildPhase;
			buildActionMask = 2147483647;
			files = (
				B16C9CEA1FFB2F5F0004652E /* ViewController.swift in Sources */,
				B16C9CE81FFB2F5F0004652E /* AppDelegate.swift in Sources */,
			);
			runOnlyForDeploymentPostprocessing = 0;
		};
/* End PBXSourcesBuildPhase section */

/* Begin PBXVariantGroup section */
		B16C9CEB1FFB2F5F0004652E /* Main.storyboard */ = {
			isa = PBXVariantGroup;
			children = (
				B16C9CEC1FFB2F5F0004652E /* Base */,
			);
			name = Main.storyboard;
			sourceTree = "<group>";
		};
		B16C9CF01FFB2F5F0004652E /* LaunchScreen.storyboard */ = {
			isa = PBXVariantGroup;
			children = (
				B16C9CF11FFB2F5F0004652E /* Base */,
			);
			name = LaunchScreen.storyboard;
			sourceTree = "<group>";
		};
/* End PBXVariantGroup section */

/* Begin XCBuildConfiguration section */
		B16C9CF41FFB2F5F0004652E /* Debug */ = {
			isa = XCBuildConfiguration;
			buildSettings = {
				ALWAYS_SEARCH_USER_PATHS = NO;
				CLANG_ANALYZER_NONNULL = YES;
				CLANG_ANALYZER_NUMBER_OBJECT_CONVERSION = YES_AGGRESSIVE;
				CLANG_CXX_LANGUAGE_STANDARD = "gnu++14";
				CLANG_CXX_LIBRARY = "libc++";
				CLANG_ENABLE_MODULES = YES;
				CLANG_ENABLE_OBJC_ARC = YES;
				CLANG_WARN_BLOCK_CAPTURE_AUTORELEASING = YES;
				CLANG_WARN_BOOL_CONVERSION = YES;
				CLANG_WARN_COMMA = YES;
				CLANG_WARN_CONSTANT_CONVERSION = YES;
				CLANG_WARN_DIRECT_OBJC_ISA_USAGE = YES_ERROR;
				CLANG_WARN_DOCUMENTATION_COMMENTS = YES;
				CLANG_WARN_EMPTY_BODY = YES;
				CLANG_WARN_ENUM_CONVERSION = YES;
				CLANG_WARN_INFINITE_RECURSION = YES;
				CLANG_WARN_INT_CONVERSION = YES;
				CLANG_WARN_NON_LITERAL_NULL_CONVERSION = YES;
				CLANG_WARN_OBJC_LITERAL_CONVERSION = YES;
				CLANG_WARN_OBJC_ROOT_CLASS = YES_ERROR;
				CLANG_WARN_RANGE_LOOP_ANALYSIS = YES;
				CLANG_WARN_STRICT_PROTOTYPES = YES;
				CLANG_WARN_SUSPICIOUS_MOVE = YES;
				CLANG_WARN_UNGUARDED_AVAILABILITY = YES_AGGRESSIVE;
				CLANG_WARN_UNREACHABLE_CODE = YES;
				CLANG_WARN__DUPLICATE_METHOD_MATCH = YES;
				CODE_SIGN_IDENTITY = "iPhone Developer";
				COPY_PHASE_STRIP = NO;
				DEBUG_INFORMATION_FORMAT = dwarf;
				ENABLE_STRICT_OBJC_MSGSEND = YES;
				ENABLE_TESTABILITY = YES;
				GCC_C_LANGUAGE_STANDARD = gnu11;
				GCC_DYNAMIC_NO_PIC = NO;
				GCC_NO_COMMON_BLOCKS = YES;
				GCC_OPTIMIZATION_LEVEL = 0;
				GCC_PREPROCESSOR_DEFINITIONS = (
					"DEBUG=1",
					"$(inherited)",
				);
				GCC_WARN_64_TO_32_BIT_CONVERSION = YES;
				GCC_WARN_ABOUT_RETURN_TYPE = YES_ERROR;
				GCC_WARN_UNDECLARED_SELECTOR = YES;
				GCC_WARN_UNINITIALIZED_AUTOS = YES_AGGRESSIVE;
				GCC_WARN_UNUSED_FUNCTION = YES;
				GCC_WARN_UNUSED_VARIABLE = YES;
				IPHONEOS_DEPLOYMENT_TARGET = 11.2;
				MTL_ENABLE_DEBUG_INFO = YES;
				ONLY_ACTIVE_ARCH = YES;
				SDKROOT = iphoneos;
				SWIFT_ACTIVE_COMPILATION_CONDITIONS = DEBUG;
				SWIFT_OPTIMIZATION_LEVEL = "-Onone";
			};
			name = Debug;
		};
		B16C9CF51FFB2F5F0004652E /* Release */ = {
			isa = XCBuildConfiguration;
			buildSettings = {
				ALWAYS_SEARCH_USER_PATHS = NO;
				CLANG_ANALYZER_NONNULL = YES;
				CLANG_ANALYZER_NUMBER_OBJECT_CONVERSION = YES_AGGRESSIVE;
				CLANG_CXX_LANGUAGE_STANDARD = "gnu++14";
				CLANG_CXX_LIBRARY = "libc++";
				CLANG_ENABLE_MODULES = YES;
				CLANG_ENABLE_OBJC_ARC = YES;
				CLANG_WARN_BLOCK_CAPTURE_AUTORELEASING = YES;
				CLANG_WARN_BOOL_CONVERSION = YES;
				CLANG_WARN_COMMA = YES;
				CLANG_WARN_CONSTANT_CONVERSION = YES;
				CLANG_WARN_DIRECT_OBJC_ISA_USAGE = YES_ERROR;
				CLANG_WARN_DOCUMENTATION_COMMENTS = YES;
				CLANG_WARN_EMPTY_BODY = YES;
				CLANG_WARN_ENUM_CONVERSION = YES;
				CLANG_WARN_INFINITE_RECURSION = YES;
				CLANG_WARN_INT_CONVERSION = YES;
				CLANG_WARN_NON_LITERAL_NULL_CONVERSION = YES;
				CLANG_WARN_OBJC_LITERAL_CONVERSION = YES;
				CLANG_WARN_OBJC_ROOT_CLASS = YES_ERROR;
				CLANG_WARN_RANGE_LOOP_ANALYSIS = YES;
				CLANG_WARN_STRICT_PROTOTYPES = YES;
				CLANG_WARN_SUSPICIOUS_MOVE = YES;
				CLANG_WARN_UNGUARDED_AVAILABILITY = YES_AGGRESSIVE;
				CLANG_WARN_UNREACHABLE_CODE = YES;
				CLANG_WARN__DUPLICATE_METHOD_MATCH = YES;
				CODE_SIGN_IDENTITY = "iPhone Developer";
				COPY_PHASE_STRIP = NO;
				DEBUG_INFORMATION_FORMAT = "dwarf-with-dsym";
				ENABLE_NS_ASSERTIONS = NO;
				ENABLE_STRICT_OBJC_MSGSEND = YES;
				GCC_C_LANGUAGE_STANDARD = gnu11;
				GCC_NO_COMMON_BLOCKS = YES;
				GCC_WARN_64_TO_32_BIT_CONVERSION = YES;
				GCC_WARN_ABOUT_RETURN_TYPE = YES_ERROR;
				GCC_WARN_UNDECLARED_SELECTOR = YES;
				GCC_WARN_UNINITIALIZED_AUTOS = YES_AGGRESSIVE;
				GCC_WARN_UNUSED_FUNCTION = YES;
				GCC_WARN_UNUSED_VARIABLE = YES;
				IPHONEOS_DEPLOYMENT_TARGET = 11.2;
				MTL_ENABLE_DEBUG_INFO = NO;
				SDKROOT = iphoneos;
				SWIFT_OPTIMIZATION_LEVEL = "-Owholemodule";
				VALIDATE_PRODUCT = YES;
			};
			name = Release;
		};
		B16C9CF71FFB2F5F0004652E /* Debug */ = {
			isa = XCBuildConfiguration;
			buildSettings = {
				ASSETCATALOG_COMPILER_APPICON_NAME = AppIcon;
				CODE_SIGN_STYLE = Automatic;
				DEVELOPMENT_TEAM = 58YKL7WW5K;
				INFOPLIST_FILE = VideogamesArchive/Info.plist;
				LD_RUNPATH_SEARCH_PATHS = "$(inherited) @executable_path/Frameworks";
				PRODUCT_BUNDLE_IDENTIFIER = com.rigobertosaenz.VideogamesArchive;
				PRODUCT_NAME = "$(TARGET_NAME)";
				SWIFT_VERSION = 4.0;
				TARGETED_DEVICE_FAMILY = "1,2";
			};
			name = Debug;
		};
		B16C9CF81FFB2F5F0004652E /* Release */ = {
			isa = XCBuildConfiguration;
			buildSettings = {
				ASSETCATALOG_COMPILER_APPICON_NAME = AppIcon;
				CODE_SIGN_STYLE = Automatic;
				DEVELOPMENT_TEAM = 58YKL7WW5K;
				INFOPLIST_FILE = VideogamesArchive/Info.plist;
				LD_RUNPATH_SEARCH_PATHS = "$(inherited) @executable_path/Frameworks";
				PRODUCT_BUNDLE_IDENTIFIER = com.rigobertosaenz.VideogamesArchive;
				PRODUCT_NAME = "$(TARGET_NAME)";
				SWIFT_VERSION = 4.0;
				TARGETED_DEVICE_FAMILY = "1,2";
			};
			name = Release;
		};
/* End XCBuildConfiguration section */

/* Begin XCConfigurationList section */
		B16C9CDF1FFB2F5F0004652E /* Build configuration list for PBXProject "VideogamesArchive" */ = {
			isa = XCConfigurationList;
			buildConfigurations = (
				B16C9CF41FFB2F5F0004652E /* Debug */,
				B16C9CF51FFB2F5F0004652E /* Release */,
			);
			defaultConfigurationIsVisible = 0;
			defaultConfigurationName = Release;
		};
		B16C9CF61FFB2F5F0004652E /* Build configuration list for PBXNativeTarget "VideogamesArchive" */ = {
			isa = XCConfigurationList;
			buildConfigurations = (
				B16C9CF71FFB2F5F0004652E /* Debug */,
				B16C9CF81FFB2F5F0004652E /* Release */,
			);
			defaultConfigurationIsVisible = 0;
			defaultConfigurationName = Release;
		};
/* End XCConfigurationList section */
	};
	rootObject = B16C9CDC1FFB2F5F0004652E /* Project object */;
}
