// !$*UTF8*$!
{
	archiveVersion = 1;
	classes = {
	};
	objectVersion = 48;
	objects = {

/* Begin PBXBuildFile section */
		6710422D1FFBE03A0061FB44 /* Logo.swift in Sources */ = {isa = PBXBuildFile; fileRef = 6710422C1FFBE03A0061FB44 /* Logo.swift */; };
		671042311FFBE3990061FB44 /* OutputGetCompanies.swift in Sources */ = {isa = PBXBuildFile; fileRef = 671042301FFBE3990061FB44 /* OutputGetCompanies.swift */; };
		671042331FFBE4180061FB44 /* RequestGetCompanies.swift in Sources */ = {isa = PBXBuildFile; fileRef = 671042321FFBE4180061FB44 /* RequestGetCompanies.swift */; };
		671042351FFBE4200061FB44 /* ResponseGetCompanies.swift in Sources */ = {isa = PBXBuildFile; fileRef = 671042341FFBE4200061FB44 /* ResponseGetCompanies.swift */; };
		671042391FFBE4930061FB44 /* CompaniesListVC.swift in Sources */ = {isa = PBXBuildFile; fileRef = 671042381FFBE4930061FB44 /* CompaniesListVC.swift */; };
		6710423B1FFBE49B0061FB44 /* CompaniesListVC.storyboard in Resources */ = {isa = PBXBuildFile; fileRef = 6710423A1FFBE49B0061FB44 /* CompaniesListVC.storyboard */; };
		6710423D1FFBE4A90061FB44 /* GenresListVC.swift in Sources */ = {isa = PBXBuildFile; fileRef = 6710423C1FFBE4A90061FB44 /* GenresListVC.swift */; };
		6710423F1FFBE4B10061FB44 /* GenresListVC.storyboard in Resources */ = {isa = PBXBuildFile; fileRef = 6710423E1FFBE4B10061FB44 /* GenresListVC.storyboard */; };
		671042411FFBE6FD0061FB44 /* OutputGetGenres.swift in Sources */ = {isa = PBXBuildFile; fileRef = 671042401FFBE6FD0061FB44 /* OutputGetGenres.swift */; };
		671042431FFBE7040061FB44 /* RequestGetGenres.swift in Sources */ = {isa = PBXBuildFile; fileRef = 671042421FFBE7040061FB44 /* RequestGetGenres.swift */; };
		671042451FFBE70D0061FB44 /* ResponseGetGenres.swift in Sources */ = {isa = PBXBuildFile; fileRef = 671042441FFBE70D0061FB44 /* ResponseGetGenres.swift */; };
		671042471FFBEC860061FB44 /* EnginesListCell.swift in Sources */ = {isa = PBXBuildFile; fileRef = 671042461FFBEC860061FB44 /* EnginesListCell.swift */; };
		6710424A1FFBED7F0061FB44 /* Model.swift in Sources */ = {isa = PBXBuildFile; fileRef = 671042491FFBED7F0061FB44 /* Model.swift */; };
		6710424C1FFBEE5D0061FB44 /* UIViewController+Alert.swift in Sources */ = {isa = PBXBuildFile; fileRef = 6710424B1FFBEE5D0061FB44 /* UIViewController+Alert.swift */; };
		6710424E1FFC07F30061FB44 /* PlatformListCell.swift in Sources */ = {isa = PBXBuildFile; fileRef = 6710424D1FFC07F30061FB44 /* PlatformListCell.swift */; };
		671042511FFC17580061FB44 /* GameGalleryVC.swift in Sources */ = {isa = PBXBuildFile; fileRef = 671042501FFC17580061FB44 /* GameGalleryVC.swift */; };
		671042531FFC175E0061FB44 /* GameGalleryVC.storyboard in Resources */ = {isa = PBXBuildFile; fileRef = 671042521FFC175E0061FB44 /* GameGalleryVC.storyboard */; };
		671042551FFC17DF0061FB44 /* GameGalleryCell.swift in Sources */ = {isa = PBXBuildFile; fileRef = 671042541FFC17DF0061FB44 /* GameGalleryCell.swift */; };
		671042571FFC18040061FB44 /* CompaniesListCell.swift in Sources */ = {isa = PBXBuildFile; fileRef = 671042561FFC18040061FB44 /* CompaniesListCell.swift */; };
		671042591FFC180C0061FB44 /* GenresListCell.swift in Sources */ = {isa = PBXBuildFile; fileRef = 671042581FFC180C0061FB44 /* GenresListCell.swift */; };
		6710425C1FFC29AA0061FB44 /* OutputGetGameInfo.swift in Sources */ = {isa = PBXBuildFile; fileRef = 6710425B1FFC29AA0061FB44 /* OutputGetGameInfo.swift */; };
		6710425E1FFC2B080061FB44 /* RequestGetGameInfo.swift in Sources */ = {isa = PBXBuildFile; fileRef = 6710425D1FFC2B080061FB44 /* RequestGetGameInfo.swift */; };
		671042601FFC2B0F0061FB44 /* ResponseGetGameInfo.swift in Sources */ = {isa = PBXBuildFile; fileRef = 6710425F1FFC2B0F0061FB44 /* ResponseGetGameInfo.swift */; };
		B11FD98A1FFB394200864A73 /* ApiEndpoint.swift in Sources */ = {isa = PBXBuildFile; fileRef = B11FD9891FFB394200864A73 /* ApiEndpoint.swift */; };
		B11FD98C1FFB3B4A00864A73 /* ApiManager.swift in Sources */ = {isa = PBXBuildFile; fileRef = B11FD98B1FFB3B4A00864A73 /* ApiManager.swift */; };
		B11FD98E1FFB3BD900864A73 /* ApiUtils.swift in Sources */ = {isa = PBXBuildFile; fileRef = B11FD98D1FFB3BD900864A73 /* ApiUtils.swift */; };
		B11FD9911FFB41CF00864A73 /* RequestApi.swift in Sources */ = {isa = PBXBuildFile; fileRef = B11FD9901FFB41CF00864A73 /* RequestApi.swift */; };
		B11FD9931FFB421300864A73 /* ResponseApi.swift in Sources */ = {isa = PBXBuildFile; fileRef = B11FD9921FFB421300864A73 /* ResponseApi.swift */; };
		B11FD9981FFB42D200864A73 /* OutputGetGameEngines.swift in Sources */ = {isa = PBXBuildFile; fileRef = B11FD9971FFB42D200864A73 /* OutputGetGameEngines.swift */; };
		B11FD99A1FFB42DF00864A73 /* RequestGetGameEngines.swift in Sources */ = {isa = PBXBuildFile; fileRef = B11FD9991FFB42DF00864A73 /* RequestGetGameEngines.swift */; };
		B11FD99C1FFB42EF00864A73 /* ResponseGetGameEngines.swift in Sources */ = {isa = PBXBuildFile; fileRef = B11FD99B1FFB42EF00864A73 /* ResponseGetGameEngines.swift */; };
		B11FD9A01FFB46D000864A73 /* UITableView+Load.swift in Sources */ = {isa = PBXBuildFile; fileRef = B11FD99F1FFB46D000864A73 /* UITableView+Load.swift */; };
		B11FD9A21FFB470E00864A73 /* UICollectionView+Load.swift in Sources */ = {isa = PBXBuildFile; fileRef = B11FD9A11FFB470E00864A73 /* UICollectionView+Load.swift */; };
		B11FD9A41FFB472200864A73 /* UIViewController+Load.swift in Sources */ = {isa = PBXBuildFile; fileRef = B11FD9A31FFB472200864A73 /* UIViewController+Load.swift */; };
		B11FD9A91FFB478600864A73 /* MainTabBar.storyboard in Resources */ = {isa = PBXBuildFile; fileRef = B11FD9A81FFB478600864A73 /* MainTabBar.storyboard */; };
		B11FD9AD1FFB485C00864A73 /* EnginesListVC.swift in Sources */ = {isa = PBXBuildFile; fileRef = B11FD9AC1FFB485C00864A73 /* EnginesListVC.swift */; };
		B11FD9AF1FFB487100864A73 /* EnginesListVC.storyboard in Resources */ = {isa = PBXBuildFile; fileRef = B11FD9AE1FFB487100864A73 /* EnginesListVC.storyboard */; };
		B11FD9B21FFB49A100864A73 /* PlatformListVC.swift in Sources */ = {isa = PBXBuildFile; fileRef = B11FD9B11FFB49A100864A73 /* PlatformListVC.swift */; };
		B11FD9B41FFB49A800864A73 /* PlatformListVC.storyboard in Resources */ = {isa = PBXBuildFile; fileRef = B11FD9B31FFB49A800864A73 /* PlatformListVC.storyboard */; };
		B11FD9B91FFB4C0000864A73 /* OutputGetPlatforms.swift in Sources */ = {isa = PBXBuildFile; fileRef = B11FD9B81FFB4C0000864A73 /* OutputGetPlatforms.swift */; };
		B11FD9BB1FFB4C0900864A73 /* RequestGetPlatforms.swift in Sources */ = {isa = PBXBuildFile; fileRef = B11FD9BA1FFB4C0900864A73 /* RequestGetPlatforms.swift */; };
		B11FD9BD1FFB4C1400864A73 /* ResponseGetPlatforms.swift in Sources */ = {isa = PBXBuildFile; fileRef = B11FD9BC1FFB4C1400864A73 /* ResponseGetPlatforms.swift */; };
		B16C9CE81FFB2F5F0004652E /* AppDelegate.swift in Sources */ = {isa = PBXBuildFile; fileRef = B16C9CE71FFB2F5F0004652E /* AppDelegate.swift */; };
		B16C9CEF1FFB2F5F0004652E /* Assets.xcassets in Resources */ = {isa = PBXBuildFile; fileRef = B16C9CEE1FFB2F5F0004652E /* Assets.xcassets */; };
		B16C9CF21FFB2F5F0004652E /* LaunchScreen.storyboard in Resources */ = {isa = PBXBuildFile; fileRef = B16C9CF01FFB2F5F0004652E /* LaunchScreen.storyboard */; };
		D0BACED05C68A134A0AEB4EE /* Pods_VideogamesArchive.framework in Frameworks */ = {isa = PBXBuildFile; fileRef = 0D163594FB31CFCC017B7985 /* Pods_VideogamesArchive.framework */; };
/* End PBXBuildFile section */

/* Begin PBXFileReference section */
		0D163594FB31CFCC017B7985 /* Pods_VideogamesArchive.framework */ = {isa = PBXFileReference; explicitFileType = wrapper.framework; includeInIndex = 0; path = Pods_VideogamesArchive.framework; sourceTree = BUILT_PRODUCTS_DIR; };
		6710422C1FFBE03A0061FB44 /* Logo.swift */ = {isa = PBXFileReference; lastKnownFileType = sourcecode.swift; path = Logo.swift; sourceTree = "<group>"; };
		671042301FFBE3990061FB44 /* OutputGetCompanies.swift */ = {isa = PBXFileReference; lastKnownFileType = sourcecode.swift; path = OutputGetCompanies.swift; sourceTree = "<group>"; };
		671042321FFBE4180061FB44 /* RequestGetCompanies.swift */ = {isa = PBXFileReference; lastKnownFileType = sourcecode.swift; path = RequestGetCompanies.swift; sourceTree = "<group>"; };
		671042341FFBE4200061FB44 /* ResponseGetCompanies.swift */ = {isa = PBXFileReference; lastKnownFileType = sourcecode.swift; path = ResponseGetCompanies.swift; sourceTree = "<group>"; };
		671042381FFBE4930061FB44 /* CompaniesListVC.swift */ = {isa = PBXFileReference; lastKnownFileType = sourcecode.swift; path = CompaniesListVC.swift; sourceTree = "<group>"; };
		6710423A1FFBE49B0061FB44 /* CompaniesListVC.storyboard */ = {isa = PBXFileReference; lastKnownFileType = file.storyboard; path = CompaniesListVC.storyboard; sourceTree = "<group>"; };
		6710423C1FFBE4A90061FB44 /* GenresListVC.swift */ = {isa = PBXFileReference; lastKnownFileType = sourcecode.swift; path = GenresListVC.swift; sourceTree = "<group>"; };
		6710423E1FFBE4B10061FB44 /* GenresListVC.storyboard */ = {isa = PBXFileReference; lastKnownFileType = file.storyboard; path = GenresListVC.storyboard; sourceTree = "<group>"; };
		671042401FFBE6FD0061FB44 /* OutputGetGenres.swift */ = {isa = PBXFileReference; lastKnownFileType = sourcecode.swift; path = OutputGetGenres.swift; sourceTree = "<group>"; };
		671042421FFBE7040061FB44 /* RequestGetGenres.swift */ = {isa = PBXFileReference; lastKnownFileType = sourcecode.swift; path = RequestGetGenres.swift; sourceTree = "<group>"; };
		671042441FFBE70D0061FB44 /* ResponseGetGenres.swift */ = {isa = PBXFileReference; lastKnownFileType = sourcecode.swift; path = ResponseGetGenres.swift; sourceTree = "<group>"; };
		671042461FFBEC860061FB44 /* EnginesListCell.swift */ = {isa = PBXFileReference; lastKnownFileType = sourcecode.swift; path = EnginesListCell.swift; sourceTree = "<group>"; };
		671042491FFBED7F0061FB44 /* Model.swift */ = {isa = PBXFileReference; lastKnownFileType = sourcecode.swift; path = Model.swift; sourceTree = "<group>"; };
		6710424B1FFBEE5D0061FB44 /* UIViewController+Alert.swift */ = {isa = PBXFileReference; lastKnownFileType = sourcecode.swift; path = "UIViewController+Alert.swift"; sourceTree = "<group>"; };
		6710424D1FFC07F30061FB44 /* PlatformListCell.swift */ = {isa = PBXFileReference; lastKnownFileType = sourcecode.swift; path = PlatformListCell.swift; sourceTree = "<group>"; };
		671042501FFC17580061FB44 /* GameGalleryVC.swift */ = {isa = PBXFileReference; lastKnownFileType = sourcecode.swift; path = GameGalleryVC.swift; sourceTree = "<group>"; };
		671042521FFC175E0061FB44 /* GameGalleryVC.storyboard */ = {isa = PBXFileReference; lastKnownFileType = file.storyboard; path = GameGalleryVC.storyboard; sourceTree = "<group>"; };
		671042541FFC17DF0061FB44 /* GameGalleryCell.swift */ = {isa = PBXFileReference; lastKnownFileType = sourcecode.swift; path = GameGalleryCell.swift; sourceTree = "<group>"; };
		671042561FFC18040061FB44 /* CompaniesListCell.swift */ = {isa = PBXFileReference; lastKnownFileType = sourcecode.swift; path = CompaniesListCell.swift; sourceTree = "<group>"; };
		671042581FFC180C0061FB44 /* GenresListCell.swift */ = {isa = PBXFileReference; lastKnownFileType = sourcecode.swift; path = GenresListCell.swift; sourceTree = "<group>"; };
		6710425B1FFC29AA0061FB44 /* OutputGetGameInfo.swift */ = {isa = PBXFileReference; lastKnownFileType = sourcecode.swift; path = OutputGetGameInfo.swift; sourceTree = "<group>"; };
		6710425D1FFC2B080061FB44 /* RequestGetGameInfo.swift */ = {isa = PBXFileReference; lastKnownFileType = sourcecode.swift; path = RequestGetGameInfo.swift; sourceTree = "<group>"; };
		6710425F1FFC2B0F0061FB44 /* ResponseGetGameInfo.swift */ = {isa = PBXFileReference; lastKnownFileType = sourcecode.swift; path = ResponseGetGameInfo.swift; sourceTree = "<group>"; };
		AEE9B4EAAF79717B81B4BE01 /* Pods-VideogamesArchive.release.xcconfig */ = {isa = PBXFileReference; includeInIndex = 1; lastKnownFileType = text.xcconfig; name = "Pods-VideogamesArchive.release.xcconfig"; path = "Pods/Target Support Files/Pods-VideogamesArchive/Pods-VideogamesArchive.release.xcconfig"; sourceTree = "<group>"; };
		B11FD9891FFB394200864A73 /* ApiEndpoint.swift */ = {isa = PBXFileReference; lastKnownFileType = sourcecode.swift; path = ApiEndpoint.swift; sourceTree = "<group>"; };
		B11FD98B1FFB3B4A00864A73 /* ApiManager.swift */ = {isa = PBXFileReference; lastKnownFileType = sourcecode.swift; path = ApiManager.swift; sourceTree = "<group>"; };
		B11FD98D1FFB3BD900864A73 /* ApiUtils.swift */ = {isa = PBXFileReference; lastKnownFileType = sourcecode.swift; path = ApiUtils.swift; sourceTree = "<group>"; };
		B11FD9901FFB41CF00864A73 /* RequestApi.swift */ = {isa = PBXFileReference; lastKnownFileType = sourcecode.swift; path = RequestApi.swift; sourceTree = "<group>"; };
		B11FD9921FFB421300864A73 /* ResponseApi.swift */ = {isa = PBXFileReference; lastKnownFileType = sourcecode.swift; path = ResponseApi.swift; sourceTree = "<group>"; };
		B11FD9971FFB42D200864A73 /* OutputGetGameEngines.swift */ = {isa = PBXFileReference; lastKnownFileType = sourcecode.swift; path = OutputGetGameEngines.swift; sourceTree = "<group>"; };
		B11FD9991FFB42DF00864A73 /* RequestGetGameEngines.swift */ = {isa = PBXFileReference; lastKnownFileType = sourcecode.swift; path = RequestGetGameEngines.swift; sourceTree = "<group>"; };
		B11FD99B1FFB42EF00864A73 /* ResponseGetGameEngines.swift */ = {isa = PBXFileReference; lastKnownFileType = sourcecode.swift; path = ResponseGetGameEngines.swift; sourceTree = "<group>"; };
		B11FD99F1FFB46D000864A73 /* UITableView+Load.swift */ = {isa = PBXFileReference; lastKnownFileType = sourcecode.swift; path = "UITableView+Load.swift"; sourceTree = "<group>"; };
		B11FD9A11FFB470E00864A73 /* UICollectionView+Load.swift */ = {isa = PBXFileReference; lastKnownFileType = sourcecode.swift; path = "UICollectionView+Load.swift"; sourceTree = "<group>"; };
		B11FD9A31FFB472200864A73 /* UIViewController+Load.swift */ = {isa = PBXFileReference; lastKnownFileType = sourcecode.swift; path = "UIViewController+Load.swift"; sourceTree = "<group>"; };
		B11FD9A81FFB478600864A73 /* MainTabBar.storyboard */ = {isa = PBXFileReference; lastKnownFileType = file.storyboard; path = MainTabBar.storyboard; sourceTree = "<group>"; };
		B11FD9AC1FFB485C00864A73 /* EnginesListVC.swift */ = {isa = PBXFileReference; lastKnownFileType = sourcecode.swift; path = EnginesListVC.swift; sourceTree = "<group>"; };
		B11FD9AE1FFB487100864A73 /* EnginesListVC.storyboard */ = {isa = PBXFileReference; lastKnownFileType = file.storyboard; path = EnginesListVC.storyboard; sourceTree = "<group>"; };
		B11FD9B11FFB49A100864A73 /* PlatformListVC.swift */ = {isa = PBXFileReference; lastKnownFileType = sourcecode.swift; path = PlatformListVC.swift; sourceTree = "<group>"; };
		B11FD9B31FFB49A800864A73 /* PlatformListVC.storyboard */ = {isa = PBXFileReference; lastKnownFileType = file.storyboard; path = PlatformListVC.storyboard; sourceTree = "<group>"; };
		B11FD9B81FFB4C0000864A73 /* OutputGetPlatforms.swift */ = {isa = PBXFileReference; lastKnownFileType = sourcecode.swift; path = OutputGetPlatforms.swift; sourceTree = "<group>"; };
		B11FD9BA1FFB4C0900864A73 /* RequestGetPlatforms.swift */ = {isa = PBXFileReference; lastKnownFileType = sourcecode.swift; path = RequestGetPlatforms.swift; sourceTree = "<group>"; };
		B11FD9BC1FFB4C1400864A73 /* ResponseGetPlatforms.swift */ = {isa = PBXFileReference; lastKnownFileType = sourcecode.swift; path = ResponseGetPlatforms.swift; sourceTree = "<group>"; };
		B16C9CE41FFB2F5F0004652E /* VideogamesArchive.app */ = {isa = PBXFileReference; explicitFileType = wrapper.application; includeInIndex = 0; path = VideogamesArchive.app; sourceTree = BUILT_PRODUCTS_DIR; };
		B16C9CE71FFB2F5F0004652E /* AppDelegate.swift */ = {isa = PBXFileReference; lastKnownFileType = sourcecode.swift; path = AppDelegate.swift; sourceTree = "<group>"; };
		B16C9CEE1FFB2F5F0004652E /* Assets.xcassets */ = {isa = PBXFileReference; lastKnownFileType = folder.assetcatalog; path = Assets.xcassets; sourceTree = "<group>"; };
		B16C9CF11FFB2F5F0004652E /* Base */ = {isa = PBXFileReference; lastKnownFileType = file.storyboard; name = Base; path = Base.lproj/LaunchScreen.storyboard; sourceTree = "<group>"; };
		B16C9CF31FFB2F5F0004652E /* Info.plist */ = {isa = PBXFileReference; lastKnownFileType = text.plist.xml; path = Info.plist; sourceTree = "<group>"; };
		BDD2E24C8B94FDE08B5F29DB /* Pods-VideogamesArchive.debug.xcconfig */ = {isa = PBXFileReference; includeInIndex = 1; lastKnownFileType = text.xcconfig; name = "Pods-VideogamesArchive.debug.xcconfig"; path = "Pods/Target Support Files/Pods-VideogamesArchive/Pods-VideogamesArchive.debug.xcconfig"; sourceTree = "<group>"; };
/* End PBXFileReference section */

/* Begin PBXFrameworksBuildPhase section */
		B16C9CE11FFB2F5F0004652E /* Frameworks */ = {
			isa = PBXFrameworksBuildPhase;
			buildActionMask = 2147483647;
			files = (
				D0BACED05C68A134A0AEB4EE /* Pods_VideogamesArchive.framework in Frameworks */,
			);
			runOnlyForDeploymentPostprocessing = 0;
		};
/* End PBXFrameworksBuildPhase section */

/* Begin PBXGroup section */
		3CE4BC8B59AB997B6C8076FA /* Frameworks */ = {
			isa = PBXGroup;
			children = (
				0D163594FB31CFCC017B7985 /* Pods_VideogamesArchive.framework */,
			);
			name = Frameworks;
			sourceTree = "<group>";
		};
		6710422B1FFBE02F0061FB44 /* SharedModels */ = {
			isa = PBXGroup;
			children = (
				6710422C1FFBE03A0061FB44 /* Logo.swift */,
			);
			path = SharedModels;
			sourceTree = "<group>";
		};
		6710422E1FFBE3260061FB44 /* GetCompanies */ = {
			isa = PBXGroup;
			children = (
				671042301FFBE3990061FB44 /* OutputGetCompanies.swift */,
				671042321FFBE4180061FB44 /* RequestGetCompanies.swift */,
				671042341FFBE4200061FB44 /* ResponseGetCompanies.swift */,
			);
			path = GetCompanies;
			sourceTree = "<group>";
		};
		6710422F1FFBE3360061FB44 /* GetGenres */ = {
			isa = PBXGroup;
			children = (
				671042401FFBE6FD0061FB44 /* OutputGetGenres.swift */,
				671042421FFBE7040061FB44 /* RequestGetGenres.swift */,
				671042441FFBE70D0061FB44 /* ResponseGetGenres.swift */,
			);
			path = GetGenres;
			sourceTree = "<group>";
		};
		671042361FFBE45D0061FB44 /* CompaniesList */ = {
			isa = PBXGroup;
			children = (
				671042381FFBE4930061FB44 /* CompaniesListVC.swift */,
				6710423A1FFBE49B0061FB44 /* CompaniesListVC.storyboard */,
				671042561FFC18040061FB44 /* CompaniesListCell.swift */,
			);
			path = CompaniesList;
			sourceTree = "<group>";
		};
		671042371FFBE46D0061FB44 /* GenresList */ = {
			isa = PBXGroup;
			children = (
				6710423C1FFBE4A90061FB44 /* GenresListVC.swift */,
				6710423E1FFBE4B10061FB44 /* GenresListVC.storyboard */,
				671042581FFC180C0061FB44 /* GenresListCell.swift */,
			);
			path = GenresList;
			sourceTree = "<group>";
		};
		671042481FFBED730061FB44 /* Model */ = {
			isa = PBXGroup;
			children = (
				671042491FFBED7F0061FB44 /* Model.swift */,
			);
			path = Model;
			sourceTree = "<group>";
		};
		6710424F1FFC17430061FB44 /* GameGallery */ = {
			isa = PBXGroup;
			children = (
				671042501FFC17580061FB44 /* GameGalleryVC.swift */,
				671042521FFC175E0061FB44 /* GameGalleryVC.storyboard */,
				671042541FFC17DF0061FB44 /* GameGalleryCell.swift */,
			);
			path = GameGallery;
			sourceTree = "<group>";
		};
		6710425A1FFC1B6E0061FB44 /* GetGameInfo */ = {
			isa = PBXGroup;
			children = (
				6710425B1FFC29AA0061FB44 /* OutputGetGameInfo.swift */,
				6710425D1FFC2B080061FB44 /* RequestGetGameInfo.swift */,
				6710425F1FFC2B0F0061FB44 /* ResponseGetGameInfo.swift */,
			);
			path = GetGameInfo;
			sourceTree = "<group>";
		};
		A5E88D8AB841D844EC73D94D /* Pods */ = {
			isa = PBXGroup;
			children = (
				BDD2E24C8B94FDE08B5F29DB /* Pods-VideogamesArchive.debug.xcconfig */,
				AEE9B4EAAF79717B81B4BE01 /* Pods-VideogamesArchive.release.xcconfig */,
			);
			name = Pods;
			sourceTree = "<group>";
		};
		B11FD9881FFB393600864A73 /* API */ = {
			isa = PBXGroup;
			children = (
				B11FD9B71FFB4BE700864A73 /* Base */,
				B11FD9941FFB425C00864A73 /* GetGameEngines */,
				B11FD9B61FFB4BDD00864A73 /* GetPlatforms */,
				6710422E1FFBE3260061FB44 /* GetCompanies */,
				6710422F1FFBE3360061FB44 /* GetGenres */,
				6710425A1FFC1B6E0061FB44 /* GetGameInfo */,
			);
			path = API;
			sourceTree = "<group>";
		};
		B11FD98F1FFB419100864A73 /* GenericRequest */ = {
			isa = PBXGroup;
			children = (
				B11FD9901FFB41CF00864A73 /* RequestApi.swift */,
				B11FD9921FFB421300864A73 /* ResponseApi.swift */,
			);
			path = GenericRequest;
			sourceTree = "<group>";
		};
		B11FD9941FFB425C00864A73 /* GetGameEngines */ = {
			isa = PBXGroup;
			children = (
				B11FD9971FFB42D200864A73 /* OutputGetGameEngines.swift */,
				B11FD9991FFB42DF00864A73 /* RequestGetGameEngines.swift */,
				B11FD99B1FFB42EF00864A73 /* ResponseGetGameEngines.swift */,
			);
			path = GetGameEngines;
			sourceTree = "<group>";
		};
		B11FD99D1FFB467E00864A73 /* Modules */ = {
			isa = PBXGroup;
			children = (
				B11FD9AA1FFB47EA00864A73 /* Launch */,
				B11FD9A51FFB476500864A73 /* Main */,
				B11FD9AB1FFB483600864A73 /* EnginesList */,
				B11FD9B01FFB498C00864A73 /* PlatformList */,
				671042361FFBE45D0061FB44 /* CompaniesList */,
				671042371FFBE46D0061FB44 /* GenresList */,
				6710424F1FFC17430061FB44 /* GameGallery */,
			);
			path = Modules;
			sourceTree = "<group>";
		};
		B11FD99E1FFB46B800864A73 /* View */ = {
			isa = PBXGroup;
			children = (
				B11FD99F1FFB46D000864A73 /* UITableView+Load.swift */,
				B11FD9A11FFB470E00864A73 /* UICollectionView+Load.swift */,
				B11FD9A31FFB472200864A73 /* UIViewController+Load.swift */,
				6710424B1FFBEE5D0061FB44 /* UIViewController+Alert.swift */,
			);
			path = View;
			sourceTree = "<group>";
		};
		B11FD9A51FFB476500864A73 /* Main */ = {
			isa = PBXGroup;
			children = (
				B11FD9A81FFB478600864A73 /* MainTabBar.storyboard */,
			);
			path = Main;
			sourceTree = "<group>";
		};
		B11FD9AA1FFB47EA00864A73 /* Launch */ = {
			isa = PBXGroup;
			children = (
				B16C9CF01FFB2F5F0004652E /* LaunchScreen.storyboard */,
			);
			path = Launch;
			sourceTree = "<group>";
		};
		B11FD9AB1FFB483600864A73 /* EnginesList */ = {
			isa = PBXGroup;
			children = (
				B11FD9AC1FFB485C00864A73 /* EnginesListVC.swift */,
				B11FD9AE1FFB487100864A73 /* EnginesListVC.storyboard */,
				671042461FFBEC860061FB44 /* EnginesListCell.swift */,
			);
			path = EnginesList;
			sourceTree = "<group>";
		};
		B11FD9B01FFB498C00864A73 /* PlatformList */ = {
			isa = PBXGroup;
			children = (
				B11FD9B11FFB49A100864A73 /* PlatformListVC.swift */,
				B11FD9B31FFB49A800864A73 /* PlatformListVC.storyboard */,
				6710424D1FFC07F30061FB44 /* PlatformListCell.swift */,
			);
			path = PlatformList;
			sourceTree = "<group>";
		};
		B11FD9B51FFB4B1C00864A73 /* API Client */ = {
			isa = PBXGroup;
			children = (
				B11FD9891FFB394200864A73 /* ApiEndpoint.swift */,
				B11FD98B1FFB3B4A00864A73 /* ApiManager.swift */,
				B11FD98D1FFB3BD900864A73 /* ApiUtils.swift */,
			);
			path = "API Client";
			sourceTree = "<group>";
		};
		B11FD9B61FFB4BDD00864A73 /* GetPlatforms */ = {
			isa = PBXGroup;
			children = (
				B11FD9B81FFB4C0000864A73 /* OutputGetPlatforms.swift */,
				B11FD9BA1FFB4C0900864A73 /* RequestGetPlatforms.swift */,
				B11FD9BC1FFB4C1400864A73 /* ResponseGetPlatforms.swift */,
			);
			path = GetPlatforms;
			sourceTree = "<group>";
		};
		B11FD9B71FFB4BE700864A73 /* Base */ = {
			isa = PBXGroup;
			children = (
				B11FD9B51FFB4B1C00864A73 /* API Client */,
				6710422B1FFBE02F0061FB44 /* SharedModels */,
				B11FD98F1FFB419100864A73 /* GenericRequest */,
			);
			path = Base;
			sourceTree = "<group>";
		};
		B16C9CDB1FFB2F5F0004652E = {
			isa = PBXGroup;
			children = (
				B16C9CE61FFB2F5F0004652E /* VideogamesArchive */,
				B16C9CE51FFB2F5F0004652E /* Products */,
				A5E88D8AB841D844EC73D94D /* Pods */,
				3CE4BC8B59AB997B6C8076FA /* Frameworks */,
			);
			sourceTree = "<group>";
		};
		B16C9CE51FFB2F5F0004652E /* Products */ = {
			isa = PBXGroup;
			children = (
				B16C9CE41FFB2F5F0004652E /* VideogamesArchive.app */,
			);
			name = Products;
			sourceTree = "<group>";
		};
		B16C9CE61FFB2F5F0004652E /* VideogamesArchive */ = {
			isa = PBXGroup;
			children = (
				B11FD99E1FFB46B800864A73 /* View */,
				671042481FFBED730061FB44 /* Model */,
				B11FD9881FFB393600864A73 /* API */,
				B11FD99D1FFB467E00864A73 /* Modules */,
				B16C9CE71FFB2F5F0004652E /* AppDelegate.swift */,
				B16C9CEE1FFB2F5F0004652E /* Assets.xcassets */,
				B16C9CF31FFB2F5F0004652E /* Info.plist */,
			);
			path = VideogamesArchive;
			sourceTree = "<group>";
		};
/* End PBXGroup section */

/* Begin PBXNativeTarget section */
		B16C9CE31FFB2F5F0004652E /* VideogamesArchive */ = {
			isa = PBXNativeTarget;
			buildConfigurationList = B16C9CF61FFB2F5F0004652E /* Build configuration list for PBXNativeTarget "VideogamesArchive" */;
			buildPhases = (
				72784BFAF58B8D12C36E176D /* [CP] Check Pods Manifest.lock */,
				B16C9CE01FFB2F5F0004652E /* Sources */,
				B16C9CE11FFB2F5F0004652E /* Frameworks */,
				B16C9CE21FFB2F5F0004652E /* Resources */,
				CAC302AEB027A95BC18F2CAF /* [CP] Embed Pods Frameworks */,
				6C5F66F6BC654969F40A4F66 /* [CP] Copy Pods Resources */,
			);
			buildRules = (
			);
			dependencies = (
			);
			name = VideogamesArchive;
			productName = VideogamesArchive;
			productReference = B16C9CE41FFB2F5F0004652E /* VideogamesArchive.app */;
			productType = "com.apple.product-type.application";
		};
/* End PBXNativeTarget section */

/* Begin PBXProject section */
		B16C9CDC1FFB2F5F0004652E /* Project object */ = {
			isa = PBXProject;
			attributes = {
				LastSwiftUpdateCheck = 0920;
				LastUpgradeCheck = 0920;
				ORGANIZATIONNAME = "Rigoberto Sáenz Imbacuán";
				TargetAttributes = {
					B16C9CE31FFB2F5F0004652E = {
						CreatedOnToolsVersion = 9.2;
						ProvisioningStyle = Automatic;
					};
				};
			};
			buildConfigurationList = B16C9CDF1FFB2F5F0004652E /* Build configuration list for PBXProject "VideogamesArchive" */;
			compatibilityVersion = "Xcode 8.0";
			developmentRegion = en;
			hasScannedForEncodings = 0;
			knownRegions = (
				en,
				Base,
			);
			mainGroup = B16C9CDB1FFB2F5F0004652E;
			productRefGroup = B16C9CE51FFB2F5F0004652E /* Products */;
			projectDirPath = "";
			projectRoot = "";
			targets = (
				B16C9CE31FFB2F5F0004652E /* VideogamesArchive */,
			);
		};
/* End PBXProject section */

/* Begin PBXResourcesBuildPhase section */
		B16C9CE21FFB2F5F0004652E /* Resources */ = {
			isa = PBXResourcesBuildPhase;
			buildActionMask = 2147483647;
			files = (
				B11FD9B41FFB49A800864A73 /* PlatformListVC.storyboard in Resources */,
				6710423B1FFBE49B0061FB44 /* CompaniesListVC.storyboard in Resources */,
				671042531FFC175E0061FB44 /* GameGalleryVC.storyboard in Resources */,
				B16C9CF21FFB2F5F0004652E /* LaunchScreen.storyboard in Resources */,
				B11FD9AF1FFB487100864A73 /* EnginesListVC.storyboard in Resources */,
				6710423F1FFBE4B10061FB44 /* GenresListVC.storyboard in Resources */,
				B11FD9A91FFB478600864A73 /* MainTabBar.storyboard in Resources */,
				B16C9CEF1FFB2F5F0004652E /* Assets.xcassets in Resources */,
			);
			runOnlyForDeploymentPostprocessing = 0;
		};
/* End PBXResourcesBuildPhase section */

/* Begin PBXShellScriptBuildPhase section */
		6C5F66F6BC654969F40A4F66 /* [CP] Copy Pods Resources */ = {
			isa = PBXShellScriptBuildPhase;
			buildActionMask = 2147483647;
			files = (
			);
			inputPaths = (
			);
			name = "[CP] Copy Pods Resources";
			outputPaths = (
			);
			runOnlyForDeploymentPostprocessing = 0;
			shellPath = /bin/sh;
			shellScript = "\"${SRCROOT}/Pods/Target Support Files/Pods-VideogamesArchive/Pods-VideogamesArchive-resources.sh\"\n";
			showEnvVarsInLog = 0;
		};
		72784BFAF58B8D12C36E176D /* [CP] Check Pods Manifest.lock */ = {
			isa = PBXShellScriptBuildPhase;
			buildActionMask = 2147483647;
			files = (
			);
			inputPaths = (
				"${PODS_PODFILE_DIR_PATH}/Podfile.lock",
				"${PODS_ROOT}/Manifest.lock",
			);
			name = "[CP] Check Pods Manifest.lock";
			outputPaths = (
				"$(DERIVED_FILE_DIR)/Pods-VideogamesArchive-checkManifestLockResult.txt",
			);
			runOnlyForDeploymentPostprocessing = 0;
			shellPath = /bin/sh;
			shellScript = "diff \"${PODS_PODFILE_DIR_PATH}/Podfile.lock\" \"${PODS_ROOT}/Manifest.lock\" > /dev/null\nif [ $? != 0 ] ; then\n    # print error to STDERR\n    echo \"error: The sandbox is not in sync with the Podfile.lock. Run 'pod install' or update your CocoaPods installation.\" >&2\n    exit 1\nfi\n# This output is used by Xcode 'outputs' to avoid re-running this script phase.\necho \"SUCCESS\" > \"${SCRIPT_OUTPUT_FILE_0}\"\n";
			showEnvVarsInLog = 0;
		};
		CAC302AEB027A95BC18F2CAF /* [CP] Embed Pods Frameworks */ = {
			isa = PBXShellScriptBuildPhase;
			buildActionMask = 2147483647;
			files = (
			);
			inputPaths = (
				"${SRCROOT}/Pods/Target Support Files/Pods-VideogamesArchive/Pods-VideogamesArchive-frameworks.sh",
				"${BUILT_PRODUCTS_DIR}/Alamofire/Alamofire.framework",
				"${BUILT_PRODUCTS_DIR}/KVNProgress/KVNProgress.framework",
				"${BUILT_PRODUCTS_DIR}/Kingfisher/Kingfisher.framework",
				"${BUILT_PRODUCTS_DIR}/Moya/Moya.framework",
				"${BUILT_PRODUCTS_DIR}/Realm/Realm.framework",
				"${BUILT_PRODUCTS_DIR}/RealmSwift/RealmSwift.framework",
				"${BUILT_PRODUCTS_DIR}/Result/Result.framework",
			);
			name = "[CP] Embed Pods Frameworks";
			outputPaths = (
				"${TARGET_BUILD_DIR}/${FRAMEWORKS_FOLDER_PATH}/Alamofire.framework",
				"${TARGET_BUILD_DIR}/${FRAMEWORKS_FOLDER_PATH}/KVNProgress.framework",
				"${TARGET_BUILD_DIR}/${FRAMEWORKS_FOLDER_PATH}/Kingfisher.framework",
				"${TARGET_BUILD_DIR}/${FRAMEWORKS_FOLDER_PATH}/Moya.framework",
				"${TARGET_BUILD_DIR}/${FRAMEWORKS_FOLDER_PATH}/Realm.framework",
				"${TARGET_BUILD_DIR}/${FRAMEWORKS_FOLDER_PATH}/RealmSwift.framework",
				"${TARGET_BUILD_DIR}/${FRAMEWORKS_FOLDER_PATH}/Result.framework",
			);
			runOnlyForDeploymentPostprocessing = 0;
			shellPath = /bin/sh;
			shellScript = "\"${SRCROOT}/Pods/Target Support Files/Pods-VideogamesArchive/Pods-VideogamesArchive-frameworks.sh\"\n";
			showEnvVarsInLog = 0;
		};
/* End PBXShellScriptBuildPhase section */

/* Begin PBXSourcesBuildPhase section */
		B16C9CE01FFB2F5F0004652E /* Sources */ = {
			isa = PBXSourcesBuildPhase;
			buildActionMask = 2147483647;
			files = (
				B11FD9931FFB421300864A73 /* ResponseApi.swift in Sources */,
				671042511FFC17580061FB44 /* GameGalleryVC.swift in Sources */,
				B11FD98C1FFB3B4A00864A73 /* ApiManager.swift in Sources */,
				671042591FFC180C0061FB44 /* GenresListCell.swift in Sources */,
				B11FD99A1FFB42DF00864A73 /* RequestGetGameEngines.swift in Sources */,
				671042571FFC18040061FB44 /* CompaniesListCell.swift in Sources */,
				671042601FFC2B0F0061FB44 /* ResponseGetGameInfo.swift in Sources */,
				B11FD98E1FFB3BD900864A73 /* ApiUtils.swift in Sources */,
				6710422D1FFBE03A0061FB44 /* Logo.swift in Sources */,
				671042411FFBE6FD0061FB44 /* OutputGetGenres.swift in Sources */,
				B11FD9B91FFB4C0000864A73 /* OutputGetPlatforms.swift in Sources */,
				6710424A1FFBED7F0061FB44 /* Model.swift in Sources */,
				6710423D1FFBE4A90061FB44 /* GenresListVC.swift in Sources */,
				B11FD9BB1FFB4C0900864A73 /* RequestGetPlatforms.swift in Sources */,
				B11FD9911FFB41CF00864A73 /* RequestApi.swift in Sources */,
				671042331FFBE4180061FB44 /* RequestGetCompanies.swift in Sources */,
				B11FD9981FFB42D200864A73 /* OutputGetGameEngines.swift in Sources */,
				B11FD99C1FFB42EF00864A73 /* ResponseGetGameEngines.swift in Sources */,
				B16C9CE81FFB2F5F0004652E /* AppDelegate.swift in Sources */,
				B11FD98A1FFB394200864A73 /* ApiEndpoint.swift in Sources */,
				671042351FFBE4200061FB44 /* ResponseGetCompanies.swift in Sources */,
				671042391FFBE4930061FB44 /* CompaniesListVC.swift in Sources */,
				671042471FFBEC860061FB44 /* EnginesListCell.swift in Sources */,
				6710425E1FFC2B080061FB44 /* RequestGetGameInfo.swift in Sources */,
				B11FD9AD1FFB485C00864A73 /* EnginesListVC.swift in Sources */,
				6710425C1FFC29AA0061FB44 /* OutputGetGameInfo.swift in Sources */,
				6710424C1FFBEE5D0061FB44 /* UIViewController+Alert.swift in Sources */,
				671042431FFBE7040061FB44 /* RequestGetGenres.swift in Sources */,
				B11FD9BD1FFB4C1400864A73 /* ResponseGetPlatforms.swift in Sources */,
				B11FD9A41FFB472200864A73 /* UIViewController+Load.swift in Sources */,
				B11FD9B21FFB49A100864A73 /* PlatformListVC.swift in Sources */,
				671042551FFC17DF0061FB44 /* GameGalleryCell.swift in Sources */,
				B11FD9A21FFB470E00864A73 /* UICollectionView+Load.swift in Sources */,
				6710424E1FFC07F30061FB44 /* PlatformListCell.swift in Sources */,
				B11FD9A01FFB46D000864A73 /* UITableView+Load.swift in Sources */,
				671042311FFBE3990061FB44 /* OutputGetCompanies.swift in Sources */,
				671042451FFBE70D0061FB44 /* ResponseGetGenres.swift in Sources */,
			);
			runOnlyForDeploymentPostprocessing = 0;
		};
/* End PBXSourcesBuildPhase section */

/* Begin PBXVariantGroup section */
		B16C9CF01FFB2F5F0004652E /* LaunchScreen.storyboard */ = {
			isa = PBXVariantGroup;
			children = (
				B16C9CF11FFB2F5F0004652E /* Base */,
			);
			name = LaunchScreen.storyboard;
			sourceTree = "<group>";
		};
/* End PBXVariantGroup section */

/* Begin XCBuildConfiguration section */
		B16C9CF41FFB2F5F0004652E /* Debug */ = {
			isa = XCBuildConfiguration;
			buildSettings = {
				ALWAYS_SEARCH_USER_PATHS = NO;
				CLANG_ANALYZER_NONNULL = YES;
				CLANG_ANALYZER_NUMBER_OBJECT_CONVERSION = YES_AGGRESSIVE;
				CLANG_CXX_LANGUAGE_STANDARD = "gnu++14";
				CLANG_CXX_LIBRARY = "libc++";
				CLANG_ENABLE_MODULES = YES;
				CLANG_ENABLE_OBJC_ARC = YES;
				CLANG_WARN_BLOCK_CAPTURE_AUTORELEASING = YES;
				CLANG_WARN_BOOL_CONVERSION = YES;
				CLANG_WARN_COMMA = YES;
				CLANG_WARN_CONSTANT_CONVERSION = YES;
				CLANG_WARN_DIRECT_OBJC_ISA_USAGE = YES_ERROR;
				CLANG_WARN_DOCUMENTATION_COMMENTS = YES;
				CLANG_WARN_EMPTY_BODY = YES;
				CLANG_WARN_ENUM_CONVERSION = YES;
				CLANG_WARN_INFINITE_RECURSION = YES;
				CLANG_WARN_INT_CONVERSION = YES;
				CLANG_WARN_NON_LITERAL_NULL_CONVERSION = YES;
				CLANG_WARN_OBJC_LITERAL_CONVERSION = YES;
				CLANG_WARN_OBJC_ROOT_CLASS = YES_ERROR;
				CLANG_WARN_RANGE_LOOP_ANALYSIS = YES;
				CLANG_WARN_STRICT_PROTOTYPES = YES;
				CLANG_WARN_SUSPICIOUS_MOVE = YES;
				CLANG_WARN_UNGUARDED_AVAILABILITY = YES_AGGRESSIVE;
				CLANG_WARN_UNREACHABLE_CODE = YES;
				CLANG_WARN__DUPLICATE_METHOD_MATCH = YES;
				CODE_SIGN_IDENTITY = "iPhone Developer";
				COPY_PHASE_STRIP = NO;
				DEBUG_INFORMATION_FORMAT = dwarf;
				ENABLE_STRICT_OBJC_MSGSEND = YES;
				ENABLE_TESTABILITY = YES;
				GCC_C_LANGUAGE_STANDARD = gnu11;
				GCC_DYNAMIC_NO_PIC = NO;
				GCC_NO_COMMON_BLOCKS = YES;
				GCC_OPTIMIZATION_LEVEL = 0;
				GCC_PREPROCESSOR_DEFINITIONS = (
					"DEBUG=1",
					"$(inherited)",
				);
				GCC_WARN_64_TO_32_BIT_CONVERSION = YES;
				GCC_WARN_ABOUT_RETURN_TYPE = YES_ERROR;
				GCC_WARN_UNDECLARED_SELECTOR = YES;
				GCC_WARN_UNINITIALIZED_AUTOS = YES_AGGRESSIVE;
				GCC_WARN_UNUSED_FUNCTION = YES;
				GCC_WARN_UNUSED_VARIABLE = YES;
				IPHONEOS_DEPLOYMENT_TARGET = 11.2;
				MTL_ENABLE_DEBUG_INFO = YES;
				ONLY_ACTIVE_ARCH = YES;
				SDKROOT = iphoneos;
				SWIFT_ACTIVE_COMPILATION_CONDITIONS = DEBUG;
				SWIFT_OPTIMIZATION_LEVEL = "-Onone";
			};
			name = Debug;
		};
		B16C9CF51FFB2F5F0004652E /* Release */ = {
			isa = XCBuildConfiguration;
			buildSettings = {
				ALWAYS_SEARCH_USER_PATHS = NO;
				CLANG_ANALYZER_NONNULL = YES;
				CLANG_ANALYZER_NUMBER_OBJECT_CONVERSION = YES_AGGRESSIVE;
				CLANG_CXX_LANGUAGE_STANDARD = "gnu++14";
				CLANG_CXX_LIBRARY = "libc++";
				CLANG_ENABLE_MODULES = YES;
				CLANG_ENABLE_OBJC_ARC = YES;
				CLANG_WARN_BLOCK_CAPTURE_AUTORELEASING = YES;
				CLANG_WARN_BOOL_CONVERSION = YES;
				CLANG_WARN_COMMA = YES;
				CLANG_WARN_CONSTANT_CONVERSION = YES;
				CLANG_WARN_DIRECT_OBJC_ISA_USAGE = YES_ERROR;
				CLANG_WARN_DOCUMENTATION_COMMENTS = YES;
				CLANG_WARN_EMPTY_BODY = YES;
				CLANG_WARN_ENUM_CONVERSION = YES;
				CLANG_WARN_INFINITE_RECURSION = YES;
				CLANG_WARN_INT_CONVERSION = YES;
				CLANG_WARN_NON_LITERAL_NULL_CONVERSION = YES;
				CLANG_WARN_OBJC_LITERAL_CONVERSION = YES;
				CLANG_WARN_OBJC_ROOT_CLASS = YES_ERROR;
				CLANG_WARN_RANGE_LOOP_ANALYSIS = YES;
				CLANG_WARN_STRICT_PROTOTYPES = YES;
				CLANG_WARN_SUSPICIOUS_MOVE = YES;
				CLANG_WARN_UNGUARDED_AVAILABILITY = YES_AGGRESSIVE;
				CLANG_WARN_UNREACHABLE_CODE = YES;
				CLANG_WARN__DUPLICATE_METHOD_MATCH = YES;
				CODE_SIGN_IDENTITY = "iPhone Developer";
				COPY_PHASE_STRIP = NO;
				DEBUG_INFORMATION_FORMAT = "dwarf-with-dsym";
				ENABLE_NS_ASSERTIONS = NO;
				ENABLE_STRICT_OBJC_MSGSEND = YES;
				GCC_C_LANGUAGE_STANDARD = gnu11;
				GCC_NO_COMMON_BLOCKS = YES;
				GCC_WARN_64_TO_32_BIT_CONVERSION = YES;
				GCC_WARN_ABOUT_RETURN_TYPE = YES_ERROR;
				GCC_WARN_UNDECLARED_SELECTOR = YES;
				GCC_WARN_UNINITIALIZED_AUTOS = YES_AGGRESSIVE;
				GCC_WARN_UNUSED_FUNCTION = YES;
				GCC_WARN_UNUSED_VARIABLE = YES;
				IPHONEOS_DEPLOYMENT_TARGET = 11.2;
				MTL_ENABLE_DEBUG_INFO = NO;
				SDKROOT = iphoneos;
				SWIFT_OPTIMIZATION_LEVEL = "-Owholemodule";
				VALIDATE_PRODUCT = YES;
			};
			name = Release;
		};
		B16C9CF71FFB2F5F0004652E /* Debug */ = {
			isa = XCBuildConfiguration;
			baseConfigurationReference = BDD2E24C8B94FDE08B5F29DB /* Pods-VideogamesArchive.debug.xcconfig */;
			buildSettings = {
				ASSETCATALOG_COMPILER_APPICON_NAME = AppIcon;
				CODE_SIGN_STYLE = Automatic;
				DEVELOPMENT_TEAM = 58YKL7WW5K;
				INFOPLIST_FILE = VideogamesArchive/Info.plist;
				IPHONEOS_DEPLOYMENT_TARGET = 10.0;
				LD_RUNPATH_SEARCH_PATHS = "$(inherited) @executable_path/Frameworks";
				PRODUCT_BUNDLE_IDENTIFIER = com.rigobertosaenz.VideogamesArchive;
				PRODUCT_NAME = "$(TARGET_NAME)";
				SWIFT_VERSION = 4.0;
				TARGETED_DEVICE_FAMILY = "1,2";
			};
			name = Debug;
		};
		B16C9CF81FFB2F5F0004652E /* Release */ = {
			isa = XCBuildConfiguration;
			baseConfigurationReference = AEE9B4EAAF79717B81B4BE01 /* Pods-VideogamesArchive.release.xcconfig */;
			buildSettings = {
				ASSETCATALOG_COMPILER_APPICON_NAME = AppIcon;
				CODE_SIGN_STYLE = Automatic;
				DEVELOPMENT_TEAM = 58YKL7WW5K;
				INFOPLIST_FILE = VideogamesArchive/Info.plist;
				IPHONEOS_DEPLOYMENT_TARGET = 10.0;
				LD_RUNPATH_SEARCH_PATHS = "$(inherited) @executable_path/Frameworks";
				PRODUCT_BUNDLE_IDENTIFIER = com.rigobertosaenz.VideogamesArchive;
				PRODUCT_NAME = "$(TARGET_NAME)";
				SWIFT_VERSION = 4.0;
				TARGETED_DEVICE_FAMILY = "1,2";
			};
			name = Release;
		};
/* End XCBuildConfiguration section */

/* Begin XCConfigurationList section */
		B16C9CDF1FFB2F5F0004652E /* Build configuration list for PBXProject "VideogamesArchive" */ = {
			isa = XCConfigurationList;
			buildConfigurations = (
				B16C9CF41FFB2F5F0004652E /* Debug */,
				B16C9CF51FFB2F5F0004652E /* Release */,
			);
			defaultConfigurationIsVisible = 0;
			defaultConfigurationName = Release;
		};
		B16C9CF61FFB2F5F0004652E /* Build configuration list for PBXNativeTarget "VideogamesArchive" */ = {
			isa = XCConfigurationList;
			buildConfigurations = (
				B16C9CF71FFB2F5F0004652E /* Debug */,
				B16C9CF81FFB2F5F0004652E /* Release */,
			);
			defaultConfigurationIsVisible = 0;
			defaultConfigurationName = Release;
		};
/* End XCConfigurationList section */
	};
	rootObject = B16C9CDC1FFB2F5F0004652E /* Project object */;
}
